
Microsoft Visual Studio Solution File, Format Version 12.00
# Visual Studio Version 17
VisualStudioVersion = 17.7.34031.279
MinimumVisualStudioVersion = 10.0.40219.1
Project("{FAE04EC0-301F-11D3-BF4B-00C04F79EFBC}") = "Polymorphism - Homework11", "Polymorphism - Homework11\Polymorphism - Homework11.csproj", "{0D37F7B2-58BA-4296-86C3-00C368C6A161}"
EndProject
Global
	GlobalSection(SolutionConfigurationPlatforms) = preSolution
		Debug|Any CPU = Debug|Any CPU
		Release|Any CPU = Release|Any CPU
	EndGlobalSection
	GlobalSection(ProjectConfigurationPlatforms) = postSolution
		{0D37F7B2-58BA-4296-86C3-00C368C6A161}.Debug|Any CPU.ActiveCfg = Debug|Any CPU
		{0D37F7B2-58BA-4296-86C3-00C368C6A161}.Debug|Any CPU.Build.0 = Debug|Any CPU
		{0D37F7B2-58BA-4296-86C3-00C368C6A161}.Release|Any CPU.ActiveCfg = Release|Any CPU
		{0D37F7B2-58BA-4296-86C3-00C368C6A161}.Release|Any CPU.Build.0 = Release|Any CPU
	EndGlobalSection
	GlobalSection(SolutionProperties) = preSolution
		HideSolutionNode = FALSE
	EndGlobalSection
	GlobalSection(ExtensibilityGlobals) = postSolution
		SolutionGuid = {D895352E-B3FA-4795-BDCC-2C9F88160D33}
	EndGlobalSection
EndGlobal
